
Microsoft Visual Studio Solution File, Format Version 12.00
# Visual Studio 15
VisualStudioVersion = 15.0.27004.2002
MinimumVisualStudioVersion = 10.0.40219.1
Project("{FAE04EC0-301F-11D3-BF4B-00C04F79EFBC}") = "TCEREDX", "TCEREDX\TCEREDX.csproj", "{D55381DA-42FC-4A94-A044-5182A956037F}"
EndProject
Project("{FAE04EC0-301F-11D3-BF4B-00C04F79EFBC}") = "DALTCEREDX", "DAL\DALTCEREDX.csproj", "{750C319A-660B-4159-A44E-59CAEFFEC9F0}"
EndProject
Project("{FAE04EC0-301F-11D3-BF4B-00C04F79EFBC}") = "BLLTCEREDX", "BALTCEREDX\BLLTCEREDX.csproj", "{08FDA8D9-CD7E-457C-8580-56362763BD47}"
EndProject
Global
	GlobalSection(SolutionConfigurationPlatforms) = preSolution
		Debug|Any CPU = Debug|Any CPU
		Release|Any CPU = Release|Any CPU
	EndGlobalSection
	GlobalSection(ProjectConfigurationPlatforms) = postSolution
		{D55381DA-42FC-4A94-A044-5182A956037F}.Debug|Any CPU.ActiveCfg = Debug|Any CPU
		{D55381DA-42FC-4A94-A044-5182A956037F}.Debug|Any CPU.Build.0 = Debug|Any CPU
		{D55381DA-42FC-4A94-A044-5182A956037F}.Release|Any CPU.ActiveCfg = Release|Any CPU
		{D55381DA-42FC-4A94-A044-5182A956037F}.Release|Any CPU.Build.0 = Release|Any CPU
		{750C319A-660B-4159-A44E-59CAEFFEC9F0}.Debug|Any CPU.ActiveCfg = Debug|Any CPU
		{750C319A-660B-4159-A44E-59CAEFFEC9F0}.Debug|Any CPU.Build.0 = Debug|Any CPU
		{750C319A-660B-4159-A44E-59CAEFFEC9F0}.Release|Any CPU.ActiveCfg = Release|Any CPU
		{750C319A-660B-4159-A44E-59CAEFFEC9F0}.Release|Any CPU.Build.0 = Release|Any CPU
		{08FDA8D9-CD7E-457C-8580-56362763BD47}.Debug|Any CPU.ActiveCfg = Debug|Any CPU
		{08FDA8D9-CD7E-457C-8580-56362763BD47}.Debug|Any CPU.Build.0 = Debug|Any CPU
		{08FDA8D9-CD7E-457C-8580-56362763BD47}.Release|Any CPU.ActiveCfg = Release|Any CPU
		{08FDA8D9-CD7E-457C-8580-56362763BD47}.Release|Any CPU.Build.0 = Release|Any CPU
	EndGlobalSection
	GlobalSection(SolutionProperties) = preSolution
		HideSolutionNode = FALSE
	EndGlobalSection
	GlobalSection(ExtensibilityGlobals) = postSolution
		SolutionGuid = {2D44C75C-964C-4280-8A48-262D34FB5637}
	EndGlobalSection
EndGlobal
